PODS:
  - FlutterMacOS (1.0.0)
  - mobile_scanner (0.0.1):
    - FlutterMacOS
  - shared_preferences_macos (0.0.1):
    - FlutterMacOS

DEPENDENCIES:
  - FlutterMacOS (from `Flutter/ephemeral`)
  - mobile_scanner (from `Flutter/ephemeral/.symlinks/plugins/mobile_scanner/macos`)
  - shared_preferences_macos (from `Flutter/ephemeral/.symlinks/plugins/shared_preferences_macos/macos`)

EXTERNAL SOURCES:
  FlutterMacOS:
    :path: Flutter/ephemeral
  mobile_scanner:
    :path: Flutter/ephemeral/.symlinks/plugins/mobile_scanner/macos
  shared_preferences_macos:
    :path: Flutter/ephemeral/.symlinks/plugins/shared_preferences_macos/macos

SPEC CHECKSUMS:
  FlutterMacOS: ae6af50a8ea7d6103d888583d46bd8328a7e9811
  mobile_scanner: 35dc92ffdbd7934b0dbc411b1c731bc2ef23c2dc
  shared_preferences_macos: a64dc611287ed6cbe28fd1297898db1336975727

PODFILE CHECKSUM: 505596d150d38022472859d890f709281982e016

COCOAPODS: 1.11.3
